
Microsoft Visual Studio Solution File, Format Version 12.00
# Visual Studio 14
VisualStudioVersion = 14.0.25420.1
MinimumVisualStudioVersion = 10.0.40219.1
Project("{FAE04EC0-301F-11D3-BF4B-00C04F79EFBC}") = "HIB.Outlook.Service", "HIB.Outlook.Service\HIB.Outlook.Service.csproj", "{50CCC908-C57E-49CA-82D4-F23FAFDB2785}"
	ProjectSection(ProjectDependencies) = postProject
		{3CE5343D-5CD0-4182-BCAC-36862A85AC9A} = {3CE5343D-5CD0-4182-BCAC-36862A85AC9A}
		{C8B23BDD-86F9-45E7-AD38-DC006BE96E7C} = {C8B23BDD-86F9-45E7-AD38-DC006BE96E7C}
	EndProjectSection
EndProject
Project("{FAE04EC0-301F-11D3-BF4B-00C04F79EFBC}") = "HIB.Outlook.Sync", "HIB.Outlook.Sync\HIB.Outlook.Sync.csproj", "{307B3C95-03CB-4AD7-9F86-71DA18CAC1AF}"
	ProjectSection(ProjectDependencies) = postProject
		{89CB4268-6B88-48C5-8E15-775EEBBDAFA5} = {89CB4268-6B88-48C5-8E15-775EEBBDAFA5}
	EndProjectSection
EndProject
Project("{FAE04EC0-301F-11D3-BF4B-00C04F79EFBC}") = "HIB.Outlook.Model", "HIB.Outlook.Model\HIB.Outlook.Model.csproj", "{3CE5343D-5CD0-4182-BCAC-36862A85AC9A}"
EndProject
Project("{FAE04EC0-301F-11D3-BF4B-00C04F79EFBC}") = "HIB.Outlook.Helper", "HIB.Outlook.Helper\HIB.Outlook.Helper.csproj", "{C8B23BDD-86F9-45E7-AD38-DC006BE96E7C}"
	ProjectSection(ProjectDependencies) = postProject
		{3CE5343D-5CD0-4182-BCAC-36862A85AC9A} = {3CE5343D-5CD0-4182-BCAC-36862A85AC9A}
	EndProjectSection
EndProject
Project("{FAE04EC0-301F-11D3-BF4B-00C04F79EFBC}") = "HIB.Outllok.Sync.Test", "HIB.Outllok.Sync.Test\HIB.Outllok.Sync.Test.csproj", "{D3B14D1F-AA43-440F-914B-035C9A85FD73}"
EndProject
Project("{FAE04EC0-301F-11D3-BF4B-00C04F79EFBC}") = "HIB.Epic.Proxy", "HIB.Epic.Proxy\HIB.Epic.Proxy.csproj", "{61FA5ECA-B487-4459-B3CB-0987539132CF}"
EndProject
Project("{FAE04EC0-301F-11D3-BF4B-00C04F79EFBC}") = "HIB.Outlook.SQLite", "HIB.Outlook.SQLite\HIB.Outlook.SQLite.csproj", "{89CB4268-6B88-48C5-8E15-775EEBBDAFA5}"
EndProject
Global
	GlobalSection(SolutionConfigurationPlatforms) = preSolution
		Debug|Any CPU = Debug|Any CPU
		Release|Any CPU = Release|Any CPU
	EndGlobalSection
	GlobalSection(ProjectConfigurationPlatforms) = postSolution
		{50CCC908-C57E-49CA-82D4-F23FAFDB2785}.Debug|Any CPU.ActiveCfg = Debug|Any CPU
		{50CCC908-C57E-49CA-82D4-F23FAFDB2785}.Debug|Any CPU.Build.0 = Debug|Any CPU
		{50CCC908-C57E-49CA-82D4-F23FAFDB2785}.Release|Any CPU.ActiveCfg = Release|Any CPU
		{50CCC908-C57E-49CA-82D4-F23FAFDB2785}.Release|Any CPU.Build.0 = Release|Any CPU
		{307B3C95-03CB-4AD7-9F86-71DA18CAC1AF}.Debug|Any CPU.ActiveCfg = Debug|Any CPU
		{307B3C95-03CB-4AD7-9F86-71DA18CAC1AF}.Debug|Any CPU.Build.0 = Debug|Any CPU
		{307B3C95-03CB-4AD7-9F86-71DA18CAC1AF}.Release|Any CPU.ActiveCfg = Release|Any CPU
		{307B3C95-03CB-4AD7-9F86-71DA18CAC1AF}.Release|Any CPU.Build.0 = Release|Any CPU
		{3CE5343D-5CD0-4182-BCAC-36862A85AC9A}.Debug|Any CPU.ActiveCfg = Debug|Any CPU
		{3CE5343D-5CD0-4182-BCAC-36862A85AC9A}.Debug|Any CPU.Build.0 = Debug|Any CPU
		{3CE5343D-5CD0-4182-BCAC-36862A85AC9A}.Release|Any CPU.ActiveCfg = Release|Any CPU
		{3CE5343D-5CD0-4182-BCAC-36862A85AC9A}.Release|Any CPU.Build.0 = Release|Any CPU
		{C8B23BDD-86F9-45E7-AD38-DC006BE96E7C}.Debug|Any CPU.ActiveCfg = Debug|Any CPU
		{C8B23BDD-86F9-45E7-AD38-DC006BE96E7C}.Debug|Any CPU.Build.0 = Debug|Any CPU
		{C8B23BDD-86F9-45E7-AD38-DC006BE96E7C}.Release|Any CPU.ActiveCfg = Release|Any CPU
		{C8B23BDD-86F9-45E7-AD38-DC006BE96E7C}.Release|Any CPU.Build.0 = Release|Any CPU
		{D3B14D1F-AA43-440F-914B-035C9A85FD73}.Debug|Any CPU.ActiveCfg = Debug|Any CPU
		{D3B14D1F-AA43-440F-914B-035C9A85FD73}.Debug|Any CPU.Build.0 = Debug|Any CPU
		{D3B14D1F-AA43-440F-914B-035C9A85FD73}.Release|Any CPU.ActiveCfg = Release|Any CPU
		{D3B14D1F-AA43-440F-914B-035C9A85FD73}.Release|Any CPU.Build.0 = Release|Any CPU
		{61FA5ECA-B487-4459-B3CB-0987539132CF}.Debug|Any CPU.ActiveCfg = Debug|Any CPU
		{61FA5ECA-B487-4459-B3CB-0987539132CF}.Debug|Any CPU.Build.0 = Debug|Any CPU
		{61FA5ECA-B487-4459-B3CB-0987539132CF}.Release|Any CPU.ActiveCfg = Release|Any CPU
		{61FA5ECA-B487-4459-B3CB-0987539132CF}.Release|Any CPU.Build.0 = Release|Any CPU
		{89CB4268-6B88-48C5-8E15-775EEBBDAFA5}.Debug|Any CPU.ActiveCfg = Debug|Any CPU
		{89CB4268-6B88-48C5-8E15-775EEBBDAFA5}.Debug|Any CPU.Build.0 = Debug|Any CPU
		{89CB4268-6B88-48C5-8E15-775EEBBDAFA5}.Release|Any CPU.ActiveCfg = Release|Any CPU
		{89CB4268-6B88-48C5-8E15-775EEBBDAFA5}.Release|Any CPU.Build.0 = Release|Any CPU
	EndGlobalSection
	GlobalSection(SolutionProperties) = preSolution
		HideSolutionNode = FALSE
	EndGlobalSection
EndGlobal
